
Microsoft Visual Studio Solution File, Format Version 12.00
# Visual Studio Version 17
VisualStudioVersion = 17.3.32819.101
MinimumVisualStudioVersion = 10.0.40219.1
Project("{FAE04EC0-301F-11D3-BF4B-00C04F79EFBC}") = "CountMyWords.Application", "CountMyWords.Application\CountMyWords.Application.csproj", "{FC4FF266-E811-46B3-BC13-1FB2EA48A304}"
EndProject
Project("{FAE04EC0-301F-11D3-BF4B-00C04F79EFBC}") = "CountMyWords.Infrastructure", "CountMyWords.Infrastructure\CountMyWords.Infrastructure.csproj", "{AB3614F6-BCC6-4AE0-B1BB-4147F9946E2C}"
EndProject
Project("{FAE04EC0-301F-11D3-BF4B-00C04F79EFBC}") = "CountMyWords.Domain", "CountMyWords.Domain\CountMyWords.Domain.csproj", "{AF427B7C-250C-4297-AF42-CD113794F107}"
EndProject
Project("{FAE04EC0-301F-11D3-BF4B-00C04F79EFBC}") = "CountMyWords.DependencyInjection", "CountMyWords.DependencyInjection\CountMyWords.DependencyInjection.csproj", "{725D7D42-3E24-4C95-A224-FF46BE368944}"
EndProject
Project("{9A19103F-16F7-4668-BE54-9A1E7A4F7556}") = "CountMyWords.Console", "CountMyWords.Console\CountMyWords.Console.csproj", "{71BC1C32-0E2B-49B4-8E4A-D8206D4DFDCE}"
EndProject
Global
	GlobalSection(SolutionConfigurationPlatforms) = preSolution
		Debug|Any CPU = Debug|Any CPU
		Release|Any CPU = Release|Any CPU
	EndGlobalSection
	GlobalSection(ProjectConfigurationPlatforms) = postSolution
		{FC4FF266-E811-46B3-BC13-1FB2EA48A304}.Debug|Any CPU.ActiveCfg = Debug|Any CPU
		{FC4FF266-E811-46B3-BC13-1FB2EA48A304}.Debug|Any CPU.Build.0 = Debug|Any CPU
		{FC4FF266-E811-46B3-BC13-1FB2EA48A304}.Release|Any CPU.ActiveCfg = Release|Any CPU
		{FC4FF266-E811-46B3-BC13-1FB2EA48A304}.Release|Any CPU.Build.0 = Release|Any CPU
		{AB3614F6-BCC6-4AE0-B1BB-4147F9946E2C}.Debug|Any CPU.ActiveCfg = Debug|Any CPU
		{AB3614F6-BCC6-4AE0-B1BB-4147F9946E2C}.Debug|Any CPU.Build.0 = Debug|Any CPU
		{AB3614F6-BCC6-4AE0-B1BB-4147F9946E2C}.Release|Any CPU.ActiveCfg = Release|Any CPU
		{AB3614F6-BCC6-4AE0-B1BB-4147F9946E2C}.Release|Any CPU.Build.0 = Release|Any CPU
		{AF427B7C-250C-4297-AF42-CD113794F107}.Debug|Any CPU.ActiveCfg = Debug|Any CPU
		{AF427B7C-250C-4297-AF42-CD113794F107}.Debug|Any CPU.Build.0 = Debug|Any CPU
		{AF427B7C-250C-4297-AF42-CD113794F107}.Release|Any CPU.ActiveCfg = Release|Any CPU
		{AF427B7C-250C-4297-AF42-CD113794F107}.Release|Any CPU.Build.0 = Release|Any CPU
		{725D7D42-3E24-4C95-A224-FF46BE368944}.Debug|Any CPU.ActiveCfg = Debug|Any CPU
		{725D7D42-3E24-4C95-A224-FF46BE368944}.Debug|Any CPU.Build.0 = Debug|Any CPU
		{725D7D42-3E24-4C95-A224-FF46BE368944}.Release|Any CPU.ActiveCfg = Release|Any CPU
		{725D7D42-3E24-4C95-A224-FF46BE368944}.Release|Any CPU.Build.0 = Release|Any CPU
		{71BC1C32-0E2B-49B4-8E4A-D8206D4DFDCE}.Debug|Any CPU.ActiveCfg = Debug|Any CPU
		{71BC1C32-0E2B-49B4-8E4A-D8206D4DFDCE}.Debug|Any CPU.Build.0 = Debug|Any CPU
		{71BC1C32-0E2B-49B4-8E4A-D8206D4DFDCE}.Release|Any CPU.ActiveCfg = Release|Any CPU
		{71BC1C32-0E2B-49B4-8E4A-D8206D4DFDCE}.Release|Any CPU.Build.0 = Release|Any CPU
	EndGlobalSection
	GlobalSection(SolutionProperties) = preSolution
		HideSolutionNode = FALSE
	EndGlobalSection
	GlobalSection(ExtensibilityGlobals) = postSolution
		SolutionGuid = {F8D9778B-C4FB-4D91-9687-096A1A688E67}
	EndGlobalSection
EndGlobal
